{
  "requires": true,
  "lockfileVersion": 1,
  "dependencies": {
    "three": {
      "version": "0.106.2",
      "resolved": "https://registry.npmjs.org/three/-/three-0.106.2.tgz",
      "integrity": "sha512-4Tlx43uoxnIaZFW2Bzkd1rXsatvVHEWAZJy8LuE+s6Q8c66ogNnhfq1bHiBKPAnXP230LD11H/ScIZc2LZMviA=="
    }
  }
}
